
Microsoft Visual Studio Solution File, Format Version 12.00
# Visual Studio Version 16
VisualStudioVersion = 16.0.30907.101
MinimumVisualStudioVersion = 10.0.40219.1
Project("{FAE04EC0-301F-11D3-BF4B-00C04F79EFBC}") = "FatsShop_2", "FatsShop_2.csproj", "{CDC968A9-630A-45E7-A88E-2B2145B0E5D9}"
EndProject
Global
	GlobalSection(SolutionConfigurationPlatforms) = preSolution
		Debug|Any CPU = Debug|Any CPU
		Release|Any CPU = Release|Any CPU
	EndGlobalSection
	GlobalSection(ProjectConfigurationPlatforms) = postSolution
		{CDC968A9-630A-45E7-A88E-2B2145B0E5D9}.Debug|Any CPU.ActiveCfg = Debug|Any CPU
		{CDC968A9-630A-45E7-A88E-2B2145B0E5D9}.Debug|Any CPU.Build.0 = Debug|Any CPU
		{CDC968A9-630A-45E7-A88E-2B2145B0E5D9}.Release|Any CPU.ActiveCfg = Release|Any CPU
		{CDC968A9-630A-45E7-A88E-2B2145B0E5D9}.Release|Any CPU.Build.0 = Release|Any CPU
	EndGlobalSection
	GlobalSection(SolutionProperties) = preSolution
		HideSolutionNode = FALSE
	EndGlobalSection
	GlobalSection(ExtensibilityGlobals) = postSolution
		SolutionGuid = {6D96C7D7-4624-4422-A020-3198F47F3D3B}
	EndGlobalSection
EndGlobal
